
Microsoft Visual Studio Solution File, Format Version 12.00
# Visual Studio Version 17
VisualStudioVersion = 17.7.34031.279
MinimumVisualStudioVersion = 10.0.40219.1
Project("{FAE04EC0-301F-11D3-BF4B-00C04F79EFBC}") = "xna-zal-3", "xna-zal-3\xna-zal-3.csproj", "{B4299041-7C21-4A2A-A3A6-D794FFB0423F}"
EndProject
Global
	GlobalSection(SolutionConfigurationPlatforms) = preSolution
		Debug|Any CPU = Debug|Any CPU
		Release|Any CPU = Release|Any CPU
	EndGlobalSection
	GlobalSection(ProjectConfigurationPlatforms) = postSolution
		{B4299041-7C21-4A2A-A3A6-D794FFB0423F}.Debug|Any CPU.ActiveCfg = Debug|Any CPU
		{B4299041-7C21-4A2A-A3A6-D794FFB0423F}.Debug|Any CPU.Build.0 = Debug|Any CPU
		{B4299041-7C21-4A2A-A3A6-D794FFB0423F}.Release|Any CPU.ActiveCfg = Release|Any CPU
		{B4299041-7C21-4A2A-A3A6-D794FFB0423F}.Release|Any CPU.Build.0 = Release|Any CPU
	EndGlobalSection
	GlobalSection(SolutionProperties) = preSolution
		HideSolutionNode = FALSE
	EndGlobalSection
	GlobalSection(ExtensibilityGlobals) = postSolution
		SolutionGuid = {35189902-F8C0-4774-B905-769A01B1506C}
	EndGlobalSection
EndGlobal
